
Microsoft Visual Studio Solution File, Format Version 12.00
# Visual Studio Version 17
VisualStudioVersion = 17.9.34616.47
MinimumVisualStudioVersion = 10.0.40219.1
Project("{FAE04EC0-301F-11D3-BF4B-00C04F79EFBC}") = "GestionGastosBack", "GestionGastosBack.csproj", "{F045BF40-A0A0-4368-B568-6E08CB017E70}"
EndProject
Project("{FAE04EC0-301F-11D3-BF4B-00C04F79EFBC}") = "GestionGastosBD", "..\GestionGastosBD\GestionGastosBD.csproj", "{7BC94691-BE34-4FE8-8360-4EB5B382D61A}"
EndProject
Global
	GlobalSection(SolutionConfigurationPlatforms) = preSolution
		Debug|Any CPU = Debug|Any CPU
		Release|Any CPU = Release|Any CPU
	EndGlobalSection
	GlobalSection(ProjectConfigurationPlatforms) = postSolution
		{F045BF40-A0A0-4368-B568-6E08CB017E70}.Debug|Any CPU.ActiveCfg = Debug|Any CPU
		{F045BF40-A0A0-4368-B568-6E08CB017E70}.Debug|Any CPU.Build.0 = Debug|Any CPU
		{F045BF40-A0A0-4368-B568-6E08CB017E70}.Release|Any CPU.ActiveCfg = Release|Any CPU
		{F045BF40-A0A0-4368-B568-6E08CB017E70}.Release|Any CPU.Build.0 = Release|Any CPU
		{7BC94691-BE34-4FE8-8360-4EB5B382D61A}.Debug|Any CPU.ActiveCfg = Debug|Any CPU
		{7BC94691-BE34-4FE8-8360-4EB5B382D61A}.Debug|Any CPU.Build.0 = Debug|Any CPU
		{7BC94691-BE34-4FE8-8360-4EB5B382D61A}.Release|Any CPU.ActiveCfg = Release|Any CPU
		{7BC94691-BE34-4FE8-8360-4EB5B382D61A}.Release|Any CPU.Build.0 = Release|Any CPU
	EndGlobalSection
	GlobalSection(SolutionProperties) = preSolution
		HideSolutionNode = FALSE
	EndGlobalSection
	GlobalSection(ExtensibilityGlobals) = postSolution
		SolutionGuid = {C432A953-4C3C-452A-9AC5-98EF14E49945}
	EndGlobalSection
EndGlobal
